// !$*UTF8*$!
{
	archiveVersion = 1;
	classes = {
	};
	objectVersion = 50;
	objects = {

/* Begin PBXBuildFile section */
		3852BF57EB485F39E11C6D39 /* NSObject+HXYModel.m in Sources */ = {isa = PBXBuildFile; fileRef = 3852B9AB92D1FCC3F41CA1ED /* NSObject+HXYModel.m */; };
		7A2D247122DEAB8F00B99E7D /* HXYDrawingUtil.m in Sources */ = {isa = PBXBuildFile; fileRef = 7A2D247022DEAB8F00B99E7D /* HXYDrawingUtil.m */; };
		7A3AB81D22E478B2001323FD /* text.pdf in Resources */ = {isa = PBXBuildFile; fileRef = 7A3AB81C22E478B1001323FD /* text.pdf */; };
		7A3AB82722E59744001323FD /* test.MP4 in Resources */ = {isa = PBXBuildFile; fileRef = 7A3AB82622E59744001323FD /* test.MP4 */; };
		7A9152C422F73780005A9757 /* NSObject+YYModel.m in Sources */ = {isa = PBXBuildFile; fileRef = 7A9152C122F73780005A9757 /* NSObject+YYModel.m */; };
		7A9152C522F73780005A9757 /* YYClassInfo.m in Sources */ = {isa = PBXBuildFile; fileRef = 7A9152C222F73780005A9757 /* YYClassInfo.m */; };
		7A9152CC22F7EF18005A9757 /* Person.m in Sources */ = {isa = PBXBuildFile; fileRef = 7A9152CB22F7EF18005A9757 /* Person.m */; };
		7A9152D022F7F2E4005A9757 /* HXYClassInfo.m in Sources */ = {isa = PBXBuildFile; fileRef = 7A9152CF22F7F2E4005A9757 /* HXYClassInfo.m */; };
		7A9152DD22F9567C005A9757 /* AWESlidingScrollView.m in Sources */ = {isa = PBXBuildFile; fileRef = 7A9152D622F9567C005A9757 /* AWESlidingScrollView.m */; };
		7A9152DE22F9567C005A9757 /* AWESlidingTabbarView.m in Sources */ = {isa = PBXBuildFile; fileRef = 7A9152D822F9567C005A9757 /* AWESlidingTabbarView.m */; };
		7A9152DF22F9567C005A9757 /* AWESlidingViewController.m in Sources */ = {isa = PBXBuildFile; fileRef = 7A9152D922F9567C005A9757 /* AWESlidingViewController.m */; };
		7A9152E522F958DE005A9757 /* HXYViewControllerRed.m in Sources */ = {isa = PBXBuildFile; fileRef = 7A9152E422F958DE005A9757 /* HXYViewControllerRed.m */; };
		7A9152E822F958E6005A9757 /* HXYViewControllerBlue.m in Sources */ = {isa = PBXBuildFile; fileRef = 7A9152E722F958E6005A9757 /* HXYViewControllerBlue.m */; };
		7A96086A22F1E8E700E1C2B5 /* ZZJsonToModel.m in Sources */ = {isa = PBXBuildFile; fileRef = 7A96086522F1E8E700E1C2B5 /* ZZJsonToModel.m */; };
		7A96086C22F1E8E700E1C2B5 /* NSString+ZZFormat.m in Sources */ = {isa = PBXBuildFile; fileRef = 7A96086922F1E8E700E1C2B5 /* NSString+ZZFormat.m */; };
		7A96086E22F1E97900E1C2B5 /* info.json in Resources */ = {isa = PBXBuildFile; fileRef = 7A96086D22F1E97900E1C2B5 /* info.json */; };
		C3DC5EAB22DCD30800FE7FF3 /* AppDelegate.m in Sources */ = {isa = PBXBuildFile; fileRef = C3DC5EAA22DCD30800FE7FF3 /* AppDelegate.m */; };
		C3DC5EAE22DCD30800FE7FF3 /* ViewController.m in Sources */ = {isa = PBXBuildFile; fileRef = C3DC5EAD22DCD30800FE7FF3 /* ViewController.m */; };
		C3DC5EB122DCD30800FE7FF3 /* Main.storyboard in Resources */ = {isa = PBXBuildFile; fileRef = C3DC5EAF22DCD30800FE7FF3 /* Main.storyboard */; };
		C3DC5EB322DCD30900FE7FF3 /* Assets.xcassets in Resources */ = {isa = PBXBuildFile; fileRef = C3DC5EB222DCD30900FE7FF3 /* Assets.xcassets */; };
		C3DC5EB622DCD30900FE7FF3 /* LaunchScreen.storyboard in Resources */ = {isa = PBXBuildFile; fileRef = C3DC5EB422DCD30900FE7FF3 /* LaunchScreen.storyboard */; };
		C3DC5EB922DCD30900FE7FF3 /* main.m in Sources */ = {isa = PBXBuildFile; fileRef = C3DC5EB822DCD30900FE7FF3 /* main.m */; };
		C3DC5EC222DCD4BC00FE7FF3 /* MBProgressHUD.m in Sources */ = {isa = PBXBuildFile; fileRef = C3DC5EC122DCD4BC00FE7FF3 /* MBProgressHUD.m */; };
/* End PBXBuildFile section */

/* Begin PBXFileReference section */
		3852B367CB2EE29FE2A1C7ED /* NSObject+HXYModel.h */ = {isa = PBXFileReference; fileEncoding = 4; lastKnownFileType = sourcecode.c.h; path = "NSObject+HXYModel.h"; sourceTree = "<group>"; };
		3852B9AB92D1FCC3F41CA1ED /* NSObject+HXYModel.m */ = {isa = PBXFileReference; fileEncoding = 4; lastKnownFileType = sourcecode.c.objc; path = "NSObject+HXYModel.m"; sourceTree = "<group>"; };
		7A2D246F22DEAB8F00B99E7D /* HXYDrawingUtil.h */ = {isa = PBXFileReference; lastKnownFileType = sourcecode.c.h; path = HXYDrawingUtil.h; sourceTree = "<group>"; };
		7A2D247022DEAB8F00B99E7D /* HXYDrawingUtil.m */ = {isa = PBXFileReference; lastKnownFileType = sourcecode.c.objc; path = HXYDrawingUtil.m; sourceTree = "<group>"; };
		7A3AB81C22E478B1001323FD /* text.pdf */ = {isa = PBXFileReference; lastKnownFileType = image.pdf; path = text.pdf; sourceTree = "<group>"; };
		7A3AB82622E59744001323FD /* test.MP4 */ = {isa = PBXFileReference; lastKnownFileType = file; path = test.MP4; sourceTree = "<group>"; };
		7A9152BF22F73780005A9757 /* YYClassInfo.h */ = {isa = PBXFileReference; fileEncoding = 4; lastKnownFileType = sourcecode.c.h; path = YYClassInfo.h; sourceTree = "<group>"; };
		7A9152C022F73780005A9757 /* YYModel.h */ = {isa = PBXFileReference; fileEncoding = 4; lastKnownFileType = sourcecode.c.h; path = YYModel.h; sourceTree = "<group>"; };
		7A9152C122F73780005A9757 /* NSObject+YYModel.m */ = {isa = PBXFileReference; fileEncoding = 4; lastKnownFileType = sourcecode.c.objc; path = "NSObject+YYModel.m"; sourceTree = "<group>"; };
		7A9152C222F73780005A9757 /* YYClassInfo.m */ = {isa = PBXFileReference; fileEncoding = 4; lastKnownFileType = sourcecode.c.objc; path = YYClassInfo.m; sourceTree = "<group>"; };
		7A9152C322F73780005A9757 /* NSObject+YYModel.h */ = {isa = PBXFileReference; fileEncoding = 4; lastKnownFileType = sourcecode.c.h; path = "NSObject+YYModel.h"; sourceTree = "<group>"; };
		7A9152CA22F7EF18005A9757 /* Person.h */ = {isa = PBXFileReference; lastKnownFileType = sourcecode.c.h; path = Person.h; sourceTree = "<group>"; };
		7A9152CB22F7EF18005A9757 /* Person.m */ = {isa = PBXFileReference; lastKnownFileType = sourcecode.c.objc; path = Person.m; sourceTree = "<group>"; };
		7A9152CE22F7F2E4005A9757 /* HXYClassInfo.h */ = {isa = PBXFileReference; lastKnownFileType = sourcecode.c.h; path = HXYClassInfo.h; sourceTree = "<group>"; };
		7A9152CF22F7F2E4005A9757 /* HXYClassInfo.m */ = {isa = PBXFileReference; lastKnownFileType = sourcecode.c.objc; path = HXYClassInfo.m; sourceTree = "<group>"; };
		7A9152D622F9567C005A9757 /* AWESlidingScrollView.m */ = {isa = PBXFileReference; fileEncoding = 4; lastKnownFileType = sourcecode.c.objc; path = AWESlidingScrollView.m; sourceTree = "<group>"; };
		7A9152D722F9567C005A9757 /* AWESlidingViewController.h */ = {isa = PBXFileReference; fileEncoding = 4; lastKnownFileType = sourcecode.c.h; path = AWESlidingViewController.h; sourceTree = "<group>"; };
		7A9152D822F9567C005A9757 /* AWESlidingTabbarView.m */ = {isa = PBXFileReference; fileEncoding = 4; lastKnownFileType = sourcecode.c.objc; path = AWESlidingTabbarView.m; sourceTree = "<group>"; };
		7A9152D922F9567C005A9757 /* AWESlidingViewController.m */ = {isa = PBXFileReference; fileEncoding = 4; lastKnownFileType = sourcecode.c.objc; path = AWESlidingViewController.m; sourceTree = "<group>"; };
		7A9152DA22F9567C005A9757 /* AWESlidingScrollView.h */ = {isa = PBXFileReference; fileEncoding = 4; lastKnownFileType = sourcecode.c.h; path = AWESlidingScrollView.h; sourceTree = "<group>"; };
		7A9152DB22F9567C005A9757 /* AWESlidingTabbarProtocol.h */ = {isa = PBXFileReference; fileEncoding = 4; lastKnownFileType = sourcecode.c.h; path = AWESlidingTabbarProtocol.h; sourceTree = "<group>"; };
		7A9152DC22F9567C005A9757 /* AWESlidingTabbarView.h */ = {isa = PBXFileReference; fileEncoding = 4; lastKnownFileType = sourcecode.c.h; path = AWESlidingTabbarView.h; sourceTree = "<group>"; };
		7A9152E322F958DE005A9757 /* HXYViewControllerRed.h */ = {isa = PBXFileReference; lastKnownFileType = sourcecode.c.h; path = HXYViewControllerRed.h; sourceTree = "<group>"; };
		7A9152E422F958DE005A9757 /* HXYViewControllerRed.m */ = {isa = PBXFileReference; lastKnownFileType = sourcecode.c.objc; path = HXYViewControllerRed.m; sourceTree = "<group>"; };
		7A9152E622F958E6005A9757 /* HXYViewControllerBlue.h */ = {isa = PBXFileReference; lastKnownFileType = sourcecode.c.h; path = HXYViewControllerBlue.h; sourceTree = "<group>"; };
		7A9152E722F958E6005A9757 /* HXYViewControllerBlue.m */ = {isa = PBXFileReference; lastKnownFileType = sourcecode.c.objc; path = HXYViewControllerBlue.m; sourceTree = "<group>"; };
		7A96086522F1E8E700E1C2B5 /* ZZJsonToModel.m */ = {isa = PBXFileReference; fileEncoding = 4; lastKnownFileType = sourcecode.c.objc; path = ZZJsonToModel.m; sourceTree = "<group>"; };
		7A96086622F1E8E700E1C2B5 /* NSString+ZZFormat.h */ = {isa = PBXFileReference; fileEncoding = 4; lastKnownFileType = sourcecode.c.h; path = "NSString+ZZFormat.h"; sourceTree = "<group>"; };
		7A96086722F1E8E700E1C2B5 /* ZZJsonToModel.h */ = {isa = PBXFileReference; fileEncoding = 4; lastKnownFileType = sourcecode.c.h; path = ZZJsonToModel.h; sourceTree = "<group>"; };
		7A96086922F1E8E700E1C2B5 /* NSString+ZZFormat.m */ = {isa = PBXFileReference; fileEncoding = 4; lastKnownFileType = sourcecode.c.objc; path = "NSString+ZZFormat.m"; sourceTree = "<group>"; };
		7A96086D22F1E97900E1C2B5 /* info.json */ = {isa = PBXFileReference; fileEncoding = 4; lastKnownFileType = text.json; path = info.json; sourceTree = "<group>"; };
		C3DC5EA622DCD30800FE7FF3 /* HelloWorld.app */ = {isa = PBXFileReference; explicitFileType = wrapper.application; includeInIndex = 0; path = HelloWorld.app; sourceTree = BUILT_PRODUCTS_DIR; };
		C3DC5EA922DCD30800FE7FF3 /* AppDelegate.h */ = {isa = PBXFileReference; lastKnownFileType = sourcecode.c.h; path = AppDelegate.h; sourceTree = "<group>"; };
		C3DC5EAA22DCD30800FE7FF3 /* AppDelegate.m */ = {isa = PBXFileReference; lastKnownFileType = sourcecode.c.objc; path = AppDelegate.m; sourceTree = "<group>"; };
		C3DC5EAC22DCD30800FE7FF3 /* ViewController.h */ = {isa = PBXFileReference; lastKnownFileType = sourcecode.c.h; path = ViewController.h; sourceTree = "<group>"; };
		C3DC5EAD22DCD30800FE7FF3 /* ViewController.m */ = {isa = PBXFileReference; lastKnownFileType = sourcecode.c.objc; path = ViewController.m; sourceTree = "<group>"; };
		C3DC5EB022DCD30800FE7FF3 /* Base */ = {isa = PBXFileReference; lastKnownFileType = file.storyboard; name = Base; path = Base.lproj/Main.storyboard; sourceTree = "<group>"; };
		C3DC5EB222DCD30900FE7FF3 /* Assets.xcassets */ = {isa = PBXFileReference; lastKnownFileType = folder.assetcatalog; path = Assets.xcassets; sourceTree = "<group>"; };
		C3DC5EB522DCD30900FE7FF3 /* Base */ = {isa = PBXFileReference; lastKnownFileType = file.storyboard; name = Base; path = Base.lproj/LaunchScreen.storyboard; sourceTree = "<group>"; };
		C3DC5EB722DCD30900FE7FF3 /* Info.plist */ = {isa = PBXFileReference; lastKnownFileType = text.plist.xml; path = Info.plist; sourceTree = "<group>"; };
		C3DC5EB822DCD30900FE7FF3 /* main.m */ = {isa = PBXFileReference; lastKnownFileType = sourcecode.c.objc; path = main.m; sourceTree = "<group>"; };
		C3DC5EC022DCD4BB00FE7FF3 /* MBProgressHUD.h */ = {isa = PBXFileReference; fileEncoding = 4; lastKnownFileType = sourcecode.c.h; path = MBProgressHUD.h; sourceTree = "<group>"; };
		C3DC5EC122DCD4BC00FE7FF3 /* MBProgressHUD.m */ = {isa = PBXFileReference; fileEncoding = 4; lastKnownFileType = sourcecode.c.objc; path = MBProgressHUD.m; sourceTree = "<group>"; };
/* End PBXFileReference section */

/* Begin PBXFrameworksBuildPhase section */
		C3DC5EA322DCD30800FE7FF3 /* Frameworks */ = {
			isa = PBXFrameworksBuildPhase;
			buildActionMask = 2147483647;
			files = (
			);
			runOnlyForDeploymentPostprocessing = 0;
		};
/* End PBXFrameworksBuildPhase section */

/* Begin PBXGroup section */
		7A2D246E22DEAB7400B99E7D /* Drawing */ = {
			isa = PBXGroup;
			children = (
				7A2D246F22DEAB8F00B99E7D /* HXYDrawingUtil.h */,
				7A2D247022DEAB8F00B99E7D /* HXYDrawingUtil.m */,
			);
			path = Drawing;
			sourceTree = "<group>";
		};
		7A9152BE22F73780005A9757 /* YYModel */ = {
			isa = PBXGroup;
			children = (
				7A9152C322F73780005A9757 /* NSObject+YYModel.h */,
				7A9152C122F73780005A9757 /* NSObject+YYModel.m */,
				7A9152BF22F73780005A9757 /* YYClassInfo.h */,
				7A9152C222F73780005A9757 /* YYClassInfo.m */,
				7A9152C022F73780005A9757 /* YYModel.h */,
			);
			path = YYModel;
			sourceTree = "<group>";
		};
		7A9152CD22F7F2C6005A9757 /* HXYModel */ = {
			isa = PBXGroup;
			children = (
				7A9152CE22F7F2E4005A9757 /* HXYClassInfo.h */,
				7A9152CF22F7F2E4005A9757 /* HXYClassInfo.m */,
				3852B367CB2EE29FE2A1C7ED /* NSObject+HXYModel.h */,
				3852B9AB92D1FCC3F41CA1ED /* NSObject+HXYModel.m */,
			);
			path = HXYModel;
			sourceTree = "<group>";
		};
		7A9152D522F9567C005A9757 /* HXYSlidingController */ = {
			isa = PBXGroup;
			children = (
				7A9152D622F9567C005A9757 /* AWESlidingScrollView.m */,
				7A9152D722F9567C005A9757 /* AWESlidingViewController.h */,
				7A9152D822F9567C005A9757 /* AWESlidingTabbarView.m */,
				7A9152D922F9567C005A9757 /* AWESlidingViewController.m */,
				7A9152DA22F9567C005A9757 /* AWESlidingScrollView.h */,
				7A9152DB22F9567C005A9757 /* AWESlidingTabbarProtocol.h */,
				7A9152DC22F9567C005A9757 /* AWESlidingTabbarView.h */,
			);
			path = HXYSlidingController;
			sourceTree = "<group>";
		};
		7A96086422F1E8E700E1C2B5 /* ZZJsonToModel */ = {
			isa = PBXGroup;
			children = (
				7A96086D22F1E97900E1C2B5 /* info.json */,
				7A96086522F1E8E700E1C2B5 /* ZZJsonToModel.m */,
				7A96086622F1E8E700E1C2B5 /* NSString+ZZFormat.h */,
				7A96086722F1E8E700E1C2B5 /* ZZJsonToModel.h */,
				7A96086922F1E8E700E1C2B5 /* NSString+ZZFormat.m */,
			);
			path = ZZJsonToModel;
			sourceTree = "<group>";
		};
		C3DC5E9D22DCD30800FE7FF3 = {
			isa = PBXGroup;
			children = (
				C3DC5EA822DCD30800FE7FF3 /* HelloWorld */,
				C3DC5EA722DCD30800FE7FF3 /* Products */,
			);
			sourceTree = "<group>";
		};
		C3DC5EA722DCD30800FE7FF3 /* Products */ = {
			isa = PBXGroup;
			children = (
				C3DC5EA622DCD30800FE7FF3 /* HelloWorld.app */,
			);
			name = Products;
			sourceTree = "<group>";
		};
		C3DC5EA822DCD30800FE7FF3 /* HelloWorld */ = {
			isa = PBXGroup;
			children = (
				7A9152D522F9567C005A9757 /* HXYSlidingController */,
				7A9152CD22F7F2C6005A9757 /* HXYModel */,
				7A9152BE22F73780005A9757 /* YYModel */,
				7A96086422F1E8E700E1C2B5 /* ZZJsonToModel */,
				7A3AB82622E59744001323FD /* test.MP4 */,
				7A3AB81C22E478B1001323FD /* text.pdf */,
				7A2D246E22DEAB7400B99E7D /* Drawing */,
				C3DC5EBF22DCD4AD00FE7FF3 /* MBProgressHUD */,
				C3DC5EA922DCD30800FE7FF3 /* AppDelegate.h */,
				C3DC5EAA22DCD30800FE7FF3 /* AppDelegate.m */,
				C3DC5EAC22DCD30800FE7FF3 /* ViewController.h */,
				C3DC5EAD22DCD30800FE7FF3 /* ViewController.m */,
				7A9152E322F958DE005A9757 /* HXYViewControllerRed.h */,
				7A9152E422F958DE005A9757 /* HXYViewControllerRed.m */,
				7A9152E622F958E6005A9757 /* HXYViewControllerBlue.h */,
				7A9152E722F958E6005A9757 /* HXYViewControllerBlue.m */,
				C3DC5EAF22DCD30800FE7FF3 /* Main.storyboard */,
				C3DC5EB222DCD30900FE7FF3 /* Assets.xcassets */,
				C3DC5EB422DCD30900FE7FF3 /* LaunchScreen.storyboard */,
				C3DC5EB722DCD30900FE7FF3 /* Info.plist */,
				C3DC5EB822DCD30900FE7FF3 /* main.m */,
				7A9152CA22F7EF18005A9757 /* Person.h */,
				7A9152CB22F7EF18005A9757 /* Person.m */,
			);
			path = HelloWorld;
			sourceTree = "<group>";
		};
		C3DC5EBF22DCD4AD00FE7FF3 /* MBProgressHUD */ = {
			isa = PBXGroup;
			children = (
				C3DC5EC022DCD4BB00FE7FF3 /* MBProgressHUD.h */,
				C3DC5EC122DCD4BC00FE7FF3 /* MBProgressHUD.m */,
			);
			path = MBProgressHUD;
			sourceTree = "<group>";
		};
/* End PBXGroup section */

/* Begin PBXNativeTarget section */
		C3DC5EA522DCD30800FE7FF3 /* HelloWorld */ = {
			isa = PBXNativeTarget;
			buildConfigurationList = C3DC5EBC22DCD30900FE7FF3 /* Build configuration list for PBXNativeTarget "HelloWorld" */;
			buildPhases = (
				C3DC5EA222DCD30800FE7FF3 /* Sources */,
				C3DC5EA322DCD30800FE7FF3 /* Frameworks */,
				C3DC5EA422DCD30800FE7FF3 /* Resources */,
			);
			buildRules = (
			);
			dependencies = (
			);
			name = HelloWorld;
			productName = HelloWorld;
			productReference = C3DC5EA622DCD30800FE7FF3 /* HelloWorld.app */;
			productType = "com.apple.product-type.application";
		};
/* End PBXNativeTarget section */

/* Begin PBXProject section */
		C3DC5E9E22DCD30800FE7FF3 /* Project object */ = {
			isa = PBXProject;
			attributes = {
				CLASSPREFIX = HXY;
				LastUpgradeCheck = 1020;
				ORGANIZATIONNAME = "hxy-tech.com";
				TargetAttributes = {
					C3DC5EA522DCD30800FE7FF3 = {
						CreatedOnToolsVersion = 10.2.1;
					};
				};
			};
			buildConfigurationList = C3DC5EA122DCD30800FE7FF3 /* Build configuration list for PBXProject "HelloWorld" */;
			compatibilityVersion = "Xcode 9.3";
			developmentRegion = en;
			hasScannedForEncodings = 0;
			knownRegions = (
				en,
				Base,
			);
			mainGroup = C3DC5E9D22DCD30800FE7FF3;
			productRefGroup = C3DC5EA722DCD30800FE7FF3 /* Products */;
			projectDirPath = "";
			projectRoot = "";
			targets = (
				C3DC5EA522DCD30800FE7FF3 /* HelloWorld */,
			);
		};
/* End PBXProject section */

/* Begin PBXResourcesBuildPhase section */
		C3DC5EA422DCD30800FE7FF3 /* Resources */ = {
			isa = PBXResourcesBuildPhase;
			buildActionMask = 2147483647;
			files = (
				C3DC5EB622DCD30900FE7FF3 /* LaunchScreen.storyboard in Resources */,
				7A3AB81D22E478B2001323FD /* text.pdf in Resources */,
				C3DC5EB322DCD30900FE7FF3 /* Assets.xcassets in Resources */,
				C3DC5EB122DCD30800FE7FF3 /* Main.storyboard in Resources */,
				7A3AB82722E59744001323FD /* test.MP4 in Resources */,
				7A96086E22F1E97900E1C2B5 /* info.json in Resources */,
			);
			runOnlyForDeploymentPostprocessing = 0;
		};
/* End PBXResourcesBuildPhase section */

/* Begin PBXSourcesBuildPhase section */
		C3DC5EA222DCD30800FE7FF3 /* Sources */ = {
			isa = PBXSourcesBuildPhase;
			buildActionMask = 2147483647;
			files = (
				7A9152DE22F9567C005A9757 /* AWESlidingTabbarView.m in Sources */,
				C3DC5EAE22DCD30800FE7FF3 /* ViewController.m in Sources */,
				7A9152E822F958E6005A9757 /* HXYViewControllerBlue.m in Sources */,
				C3DC5EB922DCD30900FE7FF3 /* main.m in Sources */,
				7A9152E522F958DE005A9757 /* HXYViewControllerRed.m in Sources */,
				7A9152CC22F7EF18005A9757 /* Person.m in Sources */,
				7A9152D022F7F2E4005A9757 /* HXYClassInfo.m in Sources */,
				7A96086C22F1E8E700E1C2B5 /* NSString+ZZFormat.m in Sources */,
				7A9152C422F73780005A9757 /* NSObject+YYModel.m in Sources */,
				7A9152DF22F9567C005A9757 /* AWESlidingViewController.m in Sources */,
				7A9152DD22F9567C005A9757 /* AWESlidingScrollView.m in Sources */,
				C3DC5EAB22DCD30800FE7FF3 /* AppDelegate.m in Sources */,
				7A2D247122DEAB8F00B99E7D /* HXYDrawingUtil.m in Sources */,
				7A96086A22F1E8E700E1C2B5 /* ZZJsonToModel.m in Sources */,
				7A9152C522F73780005A9757 /* YYClassInfo.m in Sources */,
				C3DC5EC222DCD4BC00FE7FF3 /* MBProgressHUD.m in Sources */,
				3852BF57EB485F39E11C6D39 /* NSObject+HXYModel.m in Sources */,
			);
			runOnlyForDeploymentPostprocessing = 0;
		};
/* End PBXSourcesBuildPhase section */

/* Begin PBXVariantGroup section */
		C3DC5EAF22DCD30800FE7FF3 /* Main.storyboard */ = {
			isa = PBXVariantGroup;
			children = (
				C3DC5EB022DCD30800FE7FF3 /* Base */,
			);
			name = Main.storyboard;
			sourceTree = "<group>";
		};
		C3DC5EB422DCD30900FE7FF3 /* LaunchScreen.storyboard */ = {
			isa = PBXVariantGroup;
			children = (
				C3DC5EB522DCD30900FE7FF3 /* Base */,
			);
			name = LaunchScreen.storyboard;
			sourceTree = "<group>";
		};
/* End PBXVariantGroup section */

/* Begin XCBuildConfiguration section */
		C3DC5EBA22DCD30900FE7FF3 /* Debug */ = {
			isa = XCBuildConfiguration;
			buildSettings = {
				ALWAYS_SEARCH_USER_PATHS = NO;
				CLANG_ANALYZER_NONNULL = YES;
				CLANG_ANALYZER_NUMBER_OBJECT_CONVERSION = YES_AGGRESSIVE;
				CLANG_CXX_LANGUAGE_STANDARD = "gnu++14";
				CLANG_CXX_LIBRARY = "libc++";
				CLANG_ENABLE_MODULES = YES;
				CLANG_ENABLE_OBJC_ARC = YES;
				CLANG_ENABLE_OBJC_WEAK = YES;
				CLANG_WARN_BLOCK_CAPTURE_AUTORELEASING = YES;
				CLANG_WARN_BOOL_CONVERSION = YES;
				CLANG_WARN_COMMA = YES;
				CLANG_WARN_CONSTANT_CONVERSION = YES;
				CLANG_WARN_DEPRECATED_OBJC_IMPLEMENTATIONS = YES;
				CLANG_WARN_DIRECT_OBJC_ISA_USAGE = YES_ERROR;
				CLANG_WARN_DOCUMENTATION_COMMENTS = YES;
				CLANG_WARN_EMPTY_BODY = YES;
				CLANG_WARN_ENUM_CONVERSION = YES;
				CLANG_WARN_INFINITE_RECURSION = YES;
				CLANG_WARN_INT_CONVERSION = YES;
				CLANG_WARN_NON_LITERAL_NULL_CONVERSION = YES;
				CLANG_WARN_OBJC_IMPLICIT_RETAIN_SELF = YES;
				CLANG_WARN_OBJC_LITERAL_CONVERSION = YES;
				CLANG_WARN_OBJC_ROOT_CLASS = YES_ERROR;
				CLANG_WARN_RANGE_LOOP_ANALYSIS = YES;
				CLANG_WARN_STRICT_PROTOTYPES = YES;
				CLANG_WARN_SUSPICIOUS_MOVE = YES;
				CLANG_WARN_UNGUARDED_AVAILABILITY = YES_AGGRESSIVE;
				CLANG_WARN_UNREACHABLE_CODE = YES;
				CLANG_WARN__DUPLICATE_METHOD_MATCH = YES;
				CODE_SIGN_IDENTITY = "iPhone Developer";
				COPY_PHASE_STRIP = NO;
				DEBUG_INFORMATION_FORMAT = dwarf;
				ENABLE_STRICT_OBJC_MSGSEND = YES;
				ENABLE_TESTABILITY = YES;
				GCC_C_LANGUAGE_STANDARD = gnu11;
				GCC_DYNAMIC_NO_PIC = NO;
				GCC_NO_COMMON_BLOCKS = YES;
				GCC_OPTIMIZATION_LEVEL = 0;
				GCC_PREPROCESSOR_DEFINITIONS = (
					"DEBUG=1",
					"$(inherited)",
				);
				GCC_WARN_64_TO_32_BIT_CONVERSION = YES;
				GCC_WARN_ABOUT_RETURN_TYPE = YES_ERROR;
				GCC_WARN_UNDECLARED_SELECTOR = YES;
				GCC_WARN_UNINITIALIZED_AUTOS = YES_AGGRESSIVE;
				GCC_WARN_UNUSED_FUNCTION = YES;
				GCC_WARN_UNUSED_VARIABLE = YES;
				IPHONEOS_DEPLOYMENT_TARGET = 12.2;
				MTL_ENABLE_DEBUG_INFO = INCLUDE_SOURCE;
				MTL_FAST_MATH = YES;
				ONLY_ACTIVE_ARCH = YES;
				SDKROOT = iphoneos;
			};
			name = Debug;
		};
		C3DC5EBB22DCD30900FE7FF3 /* Release */ = {
			isa = XCBuildConfiguration;
			buildSettings = {
				ALWAYS_SEARCH_USER_PATHS = NO;
				CLANG_ANALYZER_NONNULL = YES;
				CLANG_ANALYZER_NUMBER_OBJECT_CONVERSION = YES_AGGRESSIVE;
				CLANG_CXX_LANGUAGE_STANDARD = "gnu++14";
				CLANG_CXX_LIBRARY = "libc++";
				CLANG_ENABLE_MODULES = YES;
				CLANG_ENABLE_OBJC_ARC = YES;
				CLANG_ENABLE_OBJC_WEAK = YES;
				CLANG_WARN_BLOCK_CAPTURE_AUTORELEASING = YES;
				CLANG_WARN_BOOL_CONVERSION = YES;
				CLANG_WARN_COMMA = YES;
				CLANG_WARN_CONSTANT_CONVERSION = YES;
				CLANG_WARN_DEPRECATED_OBJC_IMPLEMENTATIONS = YES;
				CLANG_WARN_DIRECT_OBJC_ISA_USAGE = YES_ERROR;
				CLANG_WARN_DOCUMENTATION_COMMENTS = YES;
				CLANG_WARN_EMPTY_BODY = YES;
				CLANG_WARN_ENUM_CONVERSION = YES;
				CLANG_WARN_INFINITE_RECURSION = YES;
				CLANG_WARN_INT_CONVERSION = YES;
				CLANG_WARN_NON_LITERAL_NULL_CONVERSION = YES;
				CLANG_WARN_OBJC_IMPLICIT_RETAIN_SELF = YES;
				CLANG_WARN_OBJC_LITERAL_CONVERSION = YES;
				CLANG_WARN_OBJC_ROOT_CLASS = YES_ERROR;
				CLANG_WARN_RANGE_LOOP_ANALYSIS = YES;
				CLANG_WARN_STRICT_PROTOTYPES = YES;
				CLANG_WARN_SUSPICIOUS_MOVE = YES;
				CLANG_WARN_UNGUARDED_AVAILABILITY = YES_AGGRESSIVE;
				CLANG_WARN_UNREACHABLE_CODE = YES;
				CLANG_WARN__DUPLICATE_METHOD_MATCH = YES;
				CODE_SIGN_IDENTITY = "iPhone Developer";
				COPY_PHASE_STRIP = NO;
				DEBUG_INFORMATION_FORMAT = "dwarf-with-dsym";
				ENABLE_NS_ASSERTIONS = NO;
				ENABLE_STRICT_OBJC_MSGSEND = YES;
				GCC_C_LANGUAGE_STANDARD = gnu11;
				GCC_NO_COMMON_BLOCKS = YES;
				GCC_WARN_64_TO_32_BIT_CONVERSION = YES;
				GCC_WARN_ABOUT_RETURN_TYPE = YES_ERROR;
				GCC_WARN_UNDECLARED_SELECTOR = YES;
				GCC_WARN_UNINITIALIZED_AUTOS = YES_AGGRESSIVE;
				GCC_WARN_UNUSED_FUNCTION = YES;
				GCC_WARN_UNUSED_VARIABLE = YES;
				IPHONEOS_DEPLOYMENT_TARGET = 12.2;
				MTL_ENABLE_DEBUG_INFO = NO;
				MTL_FAST_MATH = YES;
				SDKROOT = iphoneos;
				VALIDATE_PRODUCT = YES;
			};
			name = Release;
		};
		C3DC5EBD22DCD30900FE7FF3 /* Debug */ = {
			isa = XCBuildConfiguration;
			buildSettings = {
				ASSETCATALOG_COMPILER_APPICON_NAME = AppIcon;
				CODE_SIGN_STYLE = Automatic;
				DEVELOPMENT_TEAM = 5ABL5P6344;
				INFOPLIST_FILE = HelloWorld/Info.plist;
				LD_RUNPATH_SEARCH_PATHS = (
					"$(inherited)",
					"@executable_path/Frameworks",
				);
				PRODUCT_BUNDLE_IDENTIFIER = "com.hxy-tech.HelloWorld.xx";
				PRODUCT_NAME = "$(TARGET_NAME)";
				TARGETED_DEVICE_FAMILY = "1,2";
			};
			name = Debug;
		};
		C3DC5EBE22DCD30900FE7FF3 /* Release */ = {
			isa = XCBuildConfiguration;
			buildSettings = {
				ASSETCATALOG_COMPILER_APPICON_NAME = AppIcon;
				CODE_SIGN_STYLE = Automatic;
				DEVELOPMENT_TEAM = 5ABL5P6344;
				INFOPLIST_FILE = HelloWorld/Info.plist;
				LD_RUNPATH_SEARCH_PATHS = (
					"$(inherited)",
					"@executable_path/Frameworks",
				);
				PRODUCT_BUNDLE_IDENTIFIER = "com.hxy-tech.HelloWorld.xx";
				PRODUCT_NAME = "$(TARGET_NAME)";
				TARGETED_DEVICE_FAMILY = "1,2";
			};
			name = Release;
		};
/* End XCBuildConfiguration section */

/* Begin XCConfigurationList section */
		C3DC5EA122DCD30800FE7FF3 /* Build configuration list for PBXProject "HelloWorld" */ = {
			isa = XCConfigurationList;
			buildConfigurations = (
				C3DC5EBA22DCD30900FE7FF3 /* Debug */,
				C3DC5EBB22DCD30900FE7FF3 /* Release */,
			);
			defaultConfigurationIsVisible = 0;
			defaultConfigurationName = Release;
		};
		C3DC5EBC22DCD30900FE7FF3 /* Build configuration list for PBXNativeTarget "HelloWorld" */ = {
			isa = XCConfigurationList;
			buildConfigurations = (
				C3DC5EBD22DCD30900FE7FF3 /* Debug */,
				C3DC5EBE22DCD30900FE7FF3 /* Release */,
			);
			defaultConfigurationIsVisible = 0;
			defaultConfigurationName = Release;
		};
/* End XCConfigurationList section */
	};
	rootObject = C3DC5E9E22DCD30800FE7FF3 /* Project object */;
}
